
Microsoft Visual Studio Solution File, Format Version 12.00
# Visual Studio 2012
Project("{FAE04EC0-301F-11D3-BF4B-00C04F79EFBC}") = "CIS115Wk4iLab", "CIS115Wk4iLab\CIS115Wk4iLab.csproj", "{37BA60E7-4F8C-4695-934C-0907B383510E}"
EndProject
Global
	GlobalSection(SolutionConfigurationPlatforms) = preSolution
		Debug|x86 = Debug|x86
		Release|x86 = Release|x86
	EndGlobalSection
	GlobalSection(ProjectConfigurationPlatforms) = postSolution
		{37BA60E7-4F8C-4695-934C-0907B383510E}.Debug|x86.ActiveCfg = Debug|x86
		{37BA60E7-4F8C-4695-934C-0907B383510E}.Debug|x86.Build.0 = Debug|x86
		{37BA60E7-4F8C-4695-934C-0907B383510E}.Release|x86.ActiveCfg = Release|x86
		{37BA60E7-4F8C-4695-934C-0907B383510E}.Release|x86.Build.0 = Release|x86
	EndGlobalSection
EndGlobal
